
Microsoft Visual Studio Solution File, Format Version 12.00
# Visual Studio Version 17
VisualStudioVersion = 17.7.34018.315
MinimumVisualStudioVersion = 10.0.40219.1
Project("{9A19103F-16F7-4668-BE54-9A1E7A4F7556}") = "Hubtel.Gov.Track.Api", "Hubtel.Gov.Track.Api.csproj", "{16B2D2E6-4B7E-45F9-9F99-AE86F9BCF461}"
EndProject
Global
	GlobalSection(SolutionConfigurationPlatforms) = preSolution
		Debug|Any CPU = Debug|Any CPU
		Release|Any CPU = Release|Any CPU
	EndGlobalSection
	GlobalSection(ProjectConfigurationPlatforms) = postSolution
		{16B2D2E6-4B7E-45F9-9F99-AE86F9BCF461}.Debug|Any CPU.ActiveCfg = Debug|Any CPU
		{16B2D2E6-4B7E-45F9-9F99-AE86F9BCF461}.Debug|Any CPU.Build.0 = Debug|Any CPU
		{16B2D2E6-4B7E-45F9-9F99-AE86F9BCF461}.Release|Any CPU.ActiveCfg = Release|Any CPU
		{16B2D2E6-4B7E-45F9-9F99-AE86F9BCF461}.Release|Any CPU.Build.0 = Release|Any CPU
	EndGlobalSection
	GlobalSection(SolutionProperties) = preSolution
		HideSolutionNode = FALSE
	EndGlobalSection
	GlobalSection(ExtensibilityGlobals) = postSolution
		SolutionGuid = {624D0404-C1DC-4A72-9306-619225F7DA73}
	EndGlobalSection
EndGlobal
